
Microsoft Visual Studio Solution File, Format Version 12.00
# Visual Studio Version 17
VisualStudioVersion = 17.12.35506.116 d17.12
MinimumVisualStudioVersion = 10.0.40219.1
Project("{FAE04EC0-301F-11D3-BF4B-00C04F79EFBC}") = "Feedback Survey", "Feedback Survey\Feedback Survey.csproj", "{24C7CFCF-CDB1-4D89-96A9-0750E8A058CC}"
EndProject
Global
	GlobalSection(SolutionConfigurationPlatforms) = preSolution
		Debug|Any CPU = Debug|Any CPU
		Release|Any CPU = Release|Any CPU
	EndGlobalSection
	GlobalSection(ProjectConfigurationPlatforms) = postSolution
		{24C7CFCF-CDB1-4D89-96A9-0750E8A058CC}.Debug|Any CPU.ActiveCfg = Debug|Any CPU
		{24C7CFCF-CDB1-4D89-96A9-0750E8A058CC}.Debug|Any CPU.Build.0 = Debug|Any CPU
		{24C7CFCF-CDB1-4D89-96A9-0750E8A058CC}.Release|Any CPU.ActiveCfg = Release|Any CPU
		{24C7CFCF-CDB1-4D89-96A9-0750E8A058CC}.Release|Any CPU.Build.0 = Release|Any CPU
	EndGlobalSection
	GlobalSection(SolutionProperties) = preSolution
		HideSolutionNode = FALSE
	EndGlobalSection
EndGlobal
